# This file is autogenerated, do not edit; changes may be undone by the next 'dep ensure'.


[[projects]]
  branch = "master"
  digest = "1:f5ba51875e293603f0488761b87564eb9de08594407f2de8087db1be346185fb"
  name = "arp242.net/hubhub"
  packages = ["."]
  pruneopts = "UT"
  revision = "7af66695dc3e952285f6a3048470d8a97e153327"

[[projects]]
  digest = "1:15dce9032323627745e788671b99a0ca125008fd1025465a65cbb8fb7253b3cb"
  name = "arp242.net/sconfig"
  packages = ["."]
  pruneopts = "UT"
  revision = "733b9df4c03101676f9cbfab02c606078e4409ee"
  version = "v1.0"

[[projects]]
  branch = "master"
  digest = "1:3996ac8046d11cb58854887fdc7dee1444971fc1a16e87097a57832d5ac15fd4"
  name = "arp242.net/singlepage"
  packages = ["singlepage"]
  pruneopts = "UT"
  revision = "0ee88de81550e3098831680e03463455b0db5b07"

[[projects]]
  digest = "1:a62f6ed230a8cd138a9efbe718e7d0b0294f139266f5f55cd942769a9aac8de2"
  name = "github.com/PuerkitoBio/goquery"
  packages = ["."]
  pruneopts = "UT"
  revision = "dc2ec5c7ca4d9aae063b79b9f581dd3ea6afd2b2"
  version = "v1.4.1"

[[projects]]
  digest = "1:66b3310cf22cdc96c35ef84ede4f7b9b370971c4025f394c89a2638729653b11"
  name = "github.com/andybalholm/cascadia"
  packages = ["."]
  pruneopts = "UT"
  revision = "901648c87902174f774fac311d7f176f8647bdaa"
  version = "v1.0.0"

[[projects]]
  digest = "1:40e195917a951a8bf867cd05de2a46aaf1806c50cf92eebf4c16f78cd196f747"
  name = "github.com/pkg/errors"
  packages = ["."]
  pruneopts = "UT"
  revision = "645ef00459ed84a119197bfb8d8205042c6df63d"
  version = "v0.8.0"

[[projects]]
  digest = "1:e42699e7692531933242cb9a6bf398c57352ebb09132bf4eeaf04ba5c8f43cac"
  name = "github.com/tdewolff/minify"
  packages = [
    ".",
    "css",
    "html",
    "js",
  ]
  pruneopts = "UT"
  revision = "8d72a4127ae33b755e95bffede9b92e396267ce2"
  version = "v2.3.5"

[[projects]]
  digest = "1:297958fcc6d3163dd4c6dbdb77fa8cc72a12ed538529e3ee687e7c5b623678ab"
  name = "github.com/tdewolff/parse"
  packages = [
    ".",
    "buffer",
    "css",
    "html",
    "js",
    "strconv",
  ]
  pruneopts = "UT"
  revision = "d739d6fccb0971177e06352fea02d3552625efb1"
  version = "v2.3.3"

[[projects]]
  branch = "master"
  digest = "1:151e6aa534b6b8b6b50386d0da122fe1d5bfb2e5b530330d98280c6f03ccf2d0"
  name = "github.com/teamwork/utils"
  packages = [
    "ioutilx",
    "sliceutil",
  ]
  pruneopts = "UT"
  revision = "83836483c9a190a9172c450c581ae011a3d363f7"

[[projects]]
  branch = "master"
  digest = "1:cc9018972f0ec220424cadedf663d90048bafe045c5c82bbec23fa221cb8cf38"
  name = "golang.org/x/net"
  packages = [
    "html",
    "html/atom",
  ]
  pruneopts = "UT"
  revision = "c4299a1a0d8524c11563db160fbf9bddbceadb21"

[solve-meta]
  analyzer-name = "dep"
  analyzer-version = 1
  input-imports = [
    "arp242.net/hubhub",
    "arp242.net/sconfig",
    "arp242.net/singlepage/singlepage",
    "github.com/PuerkitoBio/goquery",
    "github.com/teamwork/utils/ioutilx",
    "github.com/teamwork/utils/sliceutil",
  ]
  solver-name = "gps-cdcl"
  solver-version = 1
