# This file is autogenerated, do not edit; changes may be undone by the next 'dep ensure'.


[[projects]]
  branch = "master"
  name = "arp242.net/sconfig"
  packages = ["."]
  revision = "733b9df4c03101676f9cbfab02c606078e4409ee"

[[projects]]
  branch = "master"
  name = "arp242.net/singlepage"
  packages = ["singlepage"]
  revision = "dcbf3446e4fd1c2c5fe8f597c3f42906b63a0f98"

[[projects]]
  name = "github.com/PuerkitoBio/goquery"
  packages = ["."]
  revision = "e1271ee34c6a305e38566ecd27ae374944907ee9"
  version = "v1.1.0"

[[projects]]
  branch = "master"
  name = "github.com/andybalholm/cascadia"
  packages = ["."]
  revision = "349dd0209470eabd9514242c688c403c0926d266"

[[projects]]
  name = "github.com/pkg/errors"
  packages = ["."]
  revision = "645ef00459ed84a119197bfb8d8205042c6df63d"
  version = "v0.8.0"

[[projects]]
  name = "github.com/tdewolff/minify"
  packages = [
    ".",
    "css",
    "html",
    "js"
  ]
  revision = "90df1aae5028a7cbb441bde86e86a55df6b5aa34"
  version = "v2.3.3"

[[projects]]
  name = "github.com/tdewolff/parse"
  packages = [
    ".",
    "buffer",
    "css",
    "html",
    "js",
    "strconv"
  ]
  revision = "bace4cf682c41e03b154044b561575ff541b83e8"
  version = "v2.3.1"

[[projects]]
  branch = "master"
  name = "github.com/teamwork/utils"
  packages = [
    "ioutilx",
    "sliceutil"
  ]
  revision = "5c0740014647b2f77f3479b6d152bfce40b5f64b"

[[projects]]
  branch = "master"
  name = "golang.org/x/net"
  packages = [
    "html",
    "html/atom"
  ]
  revision = "c7086645de248775cbf2373cf5ca4d2fa664b8c1"

[solve-meta]
  analyzer-name = "dep"
  analyzer-version = 1
  inputs-digest = "676613fdfa8873e384ce8babbbe921d32890c8daec05a66741a9a44b60b7d4c0"
  solver-name = "gps-cdcl"
  solver-version = 1
